
Microsoft Visual Studio Solution File, Format Version 12.00
# Visual Studio Version 17
VisualStudioVersion = 17.8.34330.188
MinimumVisualStudioVersion = 10.0.40219.1
Project("{FAE04EC0-301F-11D3-BF4B-00C04F79EFBC}") = "AutomationChallengeUI", "AutomationChallengeUI\AutomationChallengeUI.csproj", "{AD33A848-F4D4-4870-9E30-5704D5D2D15E}"
EndProject
Global
	GlobalSection(SolutionConfigurationPlatforms) = preSolution
		Debug|Any CPU = Debug|Any CPU
		Release|Any CPU = Release|Any CPU
	EndGlobalSection
	GlobalSection(ProjectConfigurationPlatforms) = postSolution
		{AD33A848-F4D4-4870-9E30-5704D5D2D15E}.Debug|Any CPU.ActiveCfg = Debug|Any CPU
		{AD33A848-F4D4-4870-9E30-5704D5D2D15E}.Debug|Any CPU.Build.0 = Debug|Any CPU
		{AD33A848-F4D4-4870-9E30-5704D5D2D15E}.Release|Any CPU.ActiveCfg = Release|Any CPU
		{AD33A848-F4D4-4870-9E30-5704D5D2D15E}.Release|Any CPU.Build.0 = Release|Any CPU
	EndGlobalSection
	GlobalSection(SolutionProperties) = preSolution
		HideSolutionNode = FALSE
	EndGlobalSection
	GlobalSection(ExtensibilityGlobals) = postSolution
		SolutionGuid = {2CAC1934-F66E-4078-94EB-75749D7DA749}
	EndGlobalSection
EndGlobal
